
Microsoft Visual Studio Solution File, Format Version 12.00
# Visual Studio Version 17
VisualStudioVersion = 17.7.34024.191
MinimumVisualStudioVersion = 10.0.40219.1
Project("{8BC9CEB8-8B4A-11D0-8D11-00A0C91BC942}") = "CopyConstructor", "CopyConstructor\CopyConstructor.vcxproj", "{7506B58E-7192-4D3D-A92F-EDB2EE59FB99}"
EndProject
Project("{8BC9CEB8-8B4A-11D0-8D11-00A0C91BC942}") = "ArrowOperator", "ArrowOperator\ArrowOperator.vcxproj", "{57765B78-6150-4A58-94F7-32F00C0F778F}"
EndProject
Project("{8BC9CEB8-8B4A-11D0-8D11-00A0C91BC942}") = "DynamicArrays", "DynamicArrays\DynamicArrays.vcxproj", "{F875BC1E-3428-43EC-A591-C1FAEDAB99E2}"
EndProject
Project("{8BC9CEB8-8B4A-11D0-8D11-00A0C91BC942}") = "OptimizingVector", "OptimizingVector\OptimizingVector.vcxproj", "{2B67E281-5434-4E68-9055-31F1E9C17F33}"
EndProject
Project("{8BC9CEB8-8B4A-11D0-8D11-00A0C91BC942}") = "Engine", "Engine\Engine.vcxproj", "{98B355B0-B814-4D85-8104-C34B3081DA6D}"
EndProject
Project("{8BC9CEB8-8B4A-11D0-8D11-00A0C91BC942}") = "Game", "Game\Game.vcxproj", "{F96EF92D-4D77-4C3F-9D28-74DDE24E23B2}"
EndProject
Project("{8BC9CEB8-8B4A-11D0-8D11-00A0C91BC942}") = "LocalStatic", "LocalStatic\LocalStatic.vcxproj", "{66D6E139-1455-44D5-8BAD-2233EED2E75E}"
EndProject
Project("{8BC9CEB8-8B4A-11D0-8D11-00A0C91BC942}") = "MultipleReturnTypes", "MultipleReturnTypes\MultipleReturnTypes.vcxproj", "{EDA57BF9-7D3B-4C15-92EC-DD94BC8724B2}"
EndProject
Project("{8BC9CEB8-8B4A-11D0-8D11-00A0C91BC942}") = "ObjectLifetime", "ObjectLifetime\ObjectLifetime.vcxproj", "{E0E31375-967A-4B1F-9060-D0AF6477B8E4}"
EndProject
Project("{8BC9CEB8-8B4A-11D0-8D11-00A0C91BC942}") = "OperatorOverloading", "OperatorOverloading\OperatorOverloading.vcxproj", "{7FFF789B-F921-4E58-9301-C0DDC286D047}"
EndProject
Project("{8BC9CEB8-8B4A-11D0-8D11-00A0C91BC942}") = "SmartPointers-Shared", "SmartPointers-Shared\SmartPointers-Shared.vcxproj", "{BA227C71-FA30-431A-AA54-7A66CCF6CBE4}"
EndProject
Project("{8BC9CEB8-8B4A-11D0-8D11-00A0C91BC942}") = "SmartPointers-Unique", "SmartPointers-Unique\SmartPointers-Unique.vcxproj", "{74772C9C-706D-499A-88A2-317F6E4AF634}"
EndProject
Project("{8BC9CEB8-8B4A-11D0-8D11-00A0C91BC942}") = "Templates", "Templates\Templates.vcxproj", "{6E6237B2-EDE8-4E77-BAF2-5FDD3B69005C}"
EndProject
Project("{8BC9CEB8-8B4A-11D0-8D11-00A0C91BC942}") = "ThisKeyword", "ThisKeyword\ThisKeyword.vcxproj", "{8D5DB2E3-1B2A-47EA-9A34-ACC0CAD9CAFF}"
EndProject
Project("{8BC9CEB8-8B4A-11D0-8D11-00A0C91BC942}") = "UsingDynamicLibraries", "UsingDynamicLibraries\UsingDynamicLibraries.vcxproj", "{D9911EB4-F48A-457B-889A-E2C97DD35FBA}"
EndProject
Project("{8BC9CEB8-8B4A-11D0-8D11-00A0C91BC942}") = "UsingLibraries", "UsingLibraries\UsingLibraries.vcxproj", "{0F566228-1CC4-4440-8F42-2179406FD4FA}"
EndProject
Global
	GlobalSection(SolutionConfigurationPlatforms) = preSolution
		Debug|x64 = Debug|x64
		Debug|x86 = Debug|x86
		Release|x64 = Release|x64
		Release|x86 = Release|x86
	EndGlobalSection
	GlobalSection(ProjectConfigurationPlatforms) = postSolution
		{7506B58E-7192-4D3D-A92F-EDB2EE59FB99}.Debug|x64.ActiveCfg = Debug|x64
		{7506B58E-7192-4D3D-A92F-EDB2EE59FB99}.Debug|x64.Build.0 = Debug|x64
		{7506B58E-7192-4D3D-A92F-EDB2EE59FB99}.Debug|x86.ActiveCfg = Debug|Win32
		{7506B58E-7192-4D3D-A92F-EDB2EE59FB99}.Debug|x86.Build.0 = Debug|Win32
		{7506B58E-7192-4D3D-A92F-EDB2EE59FB99}.Release|x64.ActiveCfg = Release|x64
		{7506B58E-7192-4D3D-A92F-EDB2EE59FB99}.Release|x64.Build.0 = Release|x64
		{7506B58E-7192-4D3D-A92F-EDB2EE59FB99}.Release|x86.ActiveCfg = Release|Win32
		{7506B58E-7192-4D3D-A92F-EDB2EE59FB99}.Release|x86.Build.0 = Release|Win32
		{57765B78-6150-4A58-94F7-32F00C0F778F}.Debug|x64.ActiveCfg = Debug|x64
		{57765B78-6150-4A58-94F7-32F00C0F778F}.Debug|x64.Build.0 = Debug|x64
		{57765B78-6150-4A58-94F7-32F00C0F778F}.Debug|x86.ActiveCfg = Debug|Win32
		{57765B78-6150-4A58-94F7-32F00C0F778F}.Debug|x86.Build.0 = Debug|Win32
		{57765B78-6150-4A58-94F7-32F00C0F778F}.Release|x64.ActiveCfg = Release|x64
		{57765B78-6150-4A58-94F7-32F00C0F778F}.Release|x64.Build.0 = Release|x64
		{57765B78-6150-4A58-94F7-32F00C0F778F}.Release|x86.ActiveCfg = Release|Win32
		{57765B78-6150-4A58-94F7-32F00C0F778F}.Release|x86.Build.0 = Release|Win32
		{F875BC1E-3428-43EC-A591-C1FAEDAB99E2}.Debug|x64.ActiveCfg = Debug|x64
		{F875BC1E-3428-43EC-A591-C1FAEDAB99E2}.Debug|x64.Build.0 = Debug|x64
		{F875BC1E-3428-43EC-A591-C1FAEDAB99E2}.Debug|x86.ActiveCfg = Debug|Win32
		{F875BC1E-3428-43EC-A591-C1FAEDAB99E2}.Debug|x86.Build.0 = Debug|Win32
		{F875BC1E-3428-43EC-A591-C1FAEDAB99E2}.Release|x64.ActiveCfg = Release|x64
		{F875BC1E-3428-43EC-A591-C1FAEDAB99E2}.Release|x64.Build.0 = Release|x64
		{F875BC1E-3428-43EC-A591-C1FAEDAB99E2}.Release|x86.ActiveCfg = Release|Win32
		{F875BC1E-3428-43EC-A591-C1FAEDAB99E2}.Release|x86.Build.0 = Release|Win32
		{2B67E281-5434-4E68-9055-31F1E9C17F33}.Debug|x64.ActiveCfg = Debug|x64
		{2B67E281-5434-4E68-9055-31F1E9C17F33}.Debug|x64.Build.0 = Debug|x64
		{2B67E281-5434-4E68-9055-31F1E9C17F33}.Debug|x86.ActiveCfg = Debug|Win32
		{2B67E281-5434-4E68-9055-31F1E9C17F33}.Debug|x86.Build.0 = Debug|Win32
		{2B67E281-5434-4E68-9055-31F1E9C17F33}.Release|x64.ActiveCfg = Release|x64
		{2B67E281-5434-4E68-9055-31F1E9C17F33}.Release|x64.Build.0 = Release|x64
		{2B67E281-5434-4E68-9055-31F1E9C17F33}.Release|x86.ActiveCfg = Release|Win32
		{2B67E281-5434-4E68-9055-31F1E9C17F33}.Release|x86.Build.0 = Release|Win32
		{98B355B0-B814-4D85-8104-C34B3081DA6D}.Debug|x64.ActiveCfg = Debug|x64
		{98B355B0-B814-4D85-8104-C34B3081DA6D}.Debug|x64.Build.0 = Debug|x64
		{98B355B0-B814-4D85-8104-C34B3081DA6D}.Debug|x86.ActiveCfg = Debug|Win32
		{98B355B0-B814-4D85-8104-C34B3081DA6D}.Debug|x86.Build.0 = Debug|Win32
		{98B355B0-B814-4D85-8104-C34B3081DA6D}.Release|x64.ActiveCfg = Release|x64
		{98B355B0-B814-4D85-8104-C34B3081DA6D}.Release|x64.Build.0 = Release|x64
		{98B355B0-B814-4D85-8104-C34B3081DA6D}.Release|x86.ActiveCfg = Release|Win32
		{98B355B0-B814-4D85-8104-C34B3081DA6D}.Release|x86.Build.0 = Release|Win32
		{F96EF92D-4D77-4C3F-9D28-74DDE24E23B2}.Debug|x64.ActiveCfg = Debug|x64
		{F96EF92D-4D77-4C3F-9D28-74DDE24E23B2}.Debug|x64.Build.0 = Debug|x64
		{F96EF92D-4D77-4C3F-9D28-74DDE24E23B2}.Debug|x86.ActiveCfg = Debug|Win32
		{F96EF92D-4D77-4C3F-9D28-74DDE24E23B2}.Debug|x86.Build.0 = Debug|Win32
		{F96EF92D-4D77-4C3F-9D28-74DDE24E23B2}.Release|x64.ActiveCfg = Release|x64
		{F96EF92D-4D77-4C3F-9D28-74DDE24E23B2}.Release|x64.Build.0 = Release|x64
		{F96EF92D-4D77-4C3F-9D28-74DDE24E23B2}.Release|x86.ActiveCfg = Release|Win32
		{F96EF92D-4D77-4C3F-9D28-74DDE24E23B2}.Release|x86.Build.0 = Release|Win32
		{66D6E139-1455-44D5-8BAD-2233EED2E75E}.Debug|x64.ActiveCfg = Debug|x64
		{66D6E139-1455-44D5-8BAD-2233EED2E75E}.Debug|x64.Build.0 = Debug|x64
		{66D6E139-1455-44D5-8BAD-2233EED2E75E}.Debug|x86.ActiveCfg = Debug|Win32
		{66D6E139-1455-44D5-8BAD-2233EED2E75E}.Debug|x86.Build.0 = Debug|Win32
		{66D6E139-1455-44D5-8BAD-2233EED2E75E}.Release|x64.ActiveCfg = Release|x64
		{66D6E139-1455-44D5-8BAD-2233EED2E75E}.Release|x64.Build.0 = Release|x64
		{66D6E139-1455-44D5-8BAD-2233EED2E75E}.Release|x86.ActiveCfg = Release|Win32
		{66D6E139-1455-44D5-8BAD-2233EED2E75E}.Release|x86.Build.0 = Release|Win32
		{EDA57BF9-7D3B-4C15-92EC-DD94BC8724B2}.Debug|x64.ActiveCfg = Debug|x64
		{EDA57BF9-7D3B-4C15-92EC-DD94BC8724B2}.Debug|x64.Build.0 = Debug|x64
		{EDA57BF9-7D3B-4C15-92EC-DD94BC8724B2}.Debug|x86.ActiveCfg = Debug|Win32
		{EDA57BF9-7D3B-4C15-92EC-DD94BC8724B2}.Debug|x86.Build.0 = Debug|Win32
		{EDA57BF9-7D3B-4C15-92EC-DD94BC8724B2}.Release|x64.ActiveCfg = Release|x64
		{EDA57BF9-7D3B-4C15-92EC-DD94BC8724B2}.Release|x64.Build.0 = Release|x64
		{EDA57BF9-7D3B-4C15-92EC-DD94BC8724B2}.Release|x86.ActiveCfg = Release|Win32
		{EDA57BF9-7D3B-4C15-92EC-DD94BC8724B2}.Release|x86.Build.0 = Release|Win32
		{E0E31375-967A-4B1F-9060-D0AF6477B8E4}.Debug|x64.ActiveCfg = Debug|x64
		{E0E31375-967A-4B1F-9060-D0AF6477B8E4}.Debug|x64.Build.0 = Debug|x64
		{E0E31375-967A-4B1F-9060-D0AF6477B8E4}.Debug|x86.ActiveCfg = Debug|Win32
		{E0E31375-967A-4B1F-9060-D0AF6477B8E4}.Debug|x86.Build.0 = Debug|Win32
		{E0E31375-967A-4B1F-9060-D0AF6477B8E4}.Release|x64.ActiveCfg = Release|x64
		{E0E31375-967A-4B1F-9060-D0AF6477B8E4}.Release|x64.Build.0 = Release|x64
		{E0E31375-967A-4B1F-9060-D0AF6477B8E4}.Release|x86.ActiveCfg = Release|Win32
		{E0E31375-967A-4B1F-9060-D0AF6477B8E4}.Release|x86.Build.0 = Release|Win32
		{7FFF789B-F921-4E58-9301-C0DDC286D047}.Debug|x64.ActiveCfg = Debug|x64
		{7FFF789B-F921-4E58-9301-C0DDC286D047}.Debug|x64.Build.0 = Debug|x64
		{7FFF789B-F921-4E58-9301-C0DDC286D047}.Debug|x86.ActiveCfg = Debug|Win32
		{7FFF789B-F921-4E58-9301-C0DDC286D047}.Debug|x86.Build.0 = Debug|Win32
		{7FFF789B-F921-4E58-9301-C0DDC286D047}.Release|x64.ActiveCfg = Release|x64
		{7FFF789B-F921-4E58-9301-C0DDC286D047}.Release|x64.Build.0 = Release|x64
		{7FFF789B-F921-4E58-9301-C0DDC286D047}.Release|x86.ActiveCfg = Release|Win32
		{7FFF789B-F921-4E58-9301-C0DDC286D047}.Release|x86.Build.0 = Release|Win32
		{BA227C71-FA30-431A-AA54-7A66CCF6CBE4}.Debug|x64.ActiveCfg = Debug|x64
		{BA227C71-FA30-431A-AA54-7A66CCF6CBE4}.Debug|x64.Build.0 = Debug|x64
		{BA227C71-FA30-431A-AA54-7A66CCF6CBE4}.Debug|x86.ActiveCfg = Debug|Win32
		{BA227C71-FA30-431A-AA54-7A66CCF6CBE4}.Debug|x86.Build.0 = Debug|Win32
		{BA227C71-FA30-431A-AA54-7A66CCF6CBE4}.Release|x64.ActiveCfg = Release|x64
		{BA227C71-FA30-431A-AA54-7A66CCF6CBE4}.Release|x64.Build.0 = Release|x64
		{BA227C71-FA30-431A-AA54-7A66CCF6CBE4}.Release|x86.ActiveCfg = Release|Win32
		{BA227C71-FA30-431A-AA54-7A66CCF6CBE4}.Release|x86.Build.0 = Release|Win32
		{74772C9C-706D-499A-88A2-317F6E4AF634}.Debug|x64.ActiveCfg = Debug|x64
		{74772C9C-706D-499A-88A2-317F6E4AF634}.Debug|x64.Build.0 = Debug|x64
		{74772C9C-706D-499A-88A2-317F6E4AF634}.Debug|x86.ActiveCfg = Debug|Win32
		{74772C9C-706D-499A-88A2-317F6E4AF634}.Debug|x86.Build.0 = Debug|Win32
		{74772C9C-706D-499A-88A2-317F6E4AF634}.Release|x64.ActiveCfg = Release|x64
		{74772C9C-706D-499A-88A2-317F6E4AF634}.Release|x64.Build.0 = Release|x64
		{74772C9C-706D-499A-88A2-317F6E4AF634}.Release|x86.ActiveCfg = Release|Win32
		{74772C9C-706D-499A-88A2-317F6E4AF634}.Release|x86.Build.0 = Release|Win32
		{6E6237B2-EDE8-4E77-BAF2-5FDD3B69005C}.Debug|x64.ActiveCfg = Debug|x64
		{6E6237B2-EDE8-4E77-BAF2-5FDD3B69005C}.Debug|x64.Build.0 = Debug|x64
		{6E6237B2-EDE8-4E77-BAF2-5FDD3B69005C}.Debug|x86.ActiveCfg = Debug|Win32
		{6E6237B2-EDE8-4E77-BAF2-5FDD3B69005C}.Debug|x86.Build.0 = Debug|Win32
		{6E6237B2-EDE8-4E77-BAF2-5FDD3B69005C}.Release|x64.ActiveCfg = Release|x64
		{6E6237B2-EDE8-4E77-BAF2-5FDD3B69005C}.Release|x64.Build.0 = Release|x64
		{6E6237B2-EDE8-4E77-BAF2-5FDD3B69005C}.Release|x86.ActiveCfg = Release|Win32
		{6E6237B2-EDE8-4E77-BAF2-5FDD3B69005C}.Release|x86.Build.0 = Release|Win32
		{8D5DB2E3-1B2A-47EA-9A34-ACC0CAD9CAFF}.Debug|x64.ActiveCfg = Debug|x64
		{8D5DB2E3-1B2A-47EA-9A34-ACC0CAD9CAFF}.Debug|x64.Build.0 = Debug|x64
		{8D5DB2E3-1B2A-47EA-9A34-ACC0CAD9CAFF}.Debug|x86.ActiveCfg = Debug|Win32
		{8D5DB2E3-1B2A-47EA-9A34-ACC0CAD9CAFF}.Debug|x86.Build.0 = Debug|Win32
		{8D5DB2E3-1B2A-47EA-9A34-ACC0CAD9CAFF}.Release|x64.ActiveCfg = Release|x64
		{8D5DB2E3-1B2A-47EA-9A34-ACC0CAD9CAFF}.Release|x64.Build.0 = Release|x64
		{8D5DB2E3-1B2A-47EA-9A34-ACC0CAD9CAFF}.Release|x86.ActiveCfg = Release|Win32
		{8D5DB2E3-1B2A-47EA-9A34-ACC0CAD9CAFF}.Release|x86.Build.0 = Release|Win32
		{D9911EB4-F48A-457B-889A-E2C97DD35FBA}.Debug|x64.ActiveCfg = Debug|x64
		{D9911EB4-F48A-457B-889A-E2C97DD35FBA}.Debug|x64.Build.0 = Debug|x64
		{D9911EB4-F48A-457B-889A-E2C97DD35FBA}.Debug|x86.ActiveCfg = Debug|Win32
		{D9911EB4-F48A-457B-889A-E2C97DD35FBA}.Debug|x86.Build.0 = Debug|Win32
		{D9911EB4-F48A-457B-889A-E2C97DD35FBA}.Release|x64.ActiveCfg = Release|x64
		{D9911EB4-F48A-457B-889A-E2C97DD35FBA}.Release|x64.Build.0 = Release|x64
		{D9911EB4-F48A-457B-889A-E2C97DD35FBA}.Release|x86.ActiveCfg = Release|Win32
		{D9911EB4-F48A-457B-889A-E2C97DD35FBA}.Release|x86.Build.0 = Release|Win32
		{0F566228-1CC4-4440-8F42-2179406FD4FA}.Debug|x64.ActiveCfg = Debug|x64
		{0F566228-1CC4-4440-8F42-2179406FD4FA}.Debug|x64.Build.0 = Debug|x64
		{0F566228-1CC4-4440-8F42-2179406FD4FA}.Debug|x86.ActiveCfg = Debug|Win32
		{0F566228-1CC4-4440-8F42-2179406FD4FA}.Debug|x86.Build.0 = Debug|Win32
		{0F566228-1CC4-4440-8F42-2179406FD4FA}.Release|x64.ActiveCfg = Release|x64
		{0F566228-1CC4-4440-8F42-2179406FD4FA}.Release|x64.Build.0 = Release|x64
		{0F566228-1CC4-4440-8F42-2179406FD4FA}.Release|x86.ActiveCfg = Release|Win32
		{0F566228-1CC4-4440-8F42-2179406FD4FA}.Release|x86.Build.0 = Release|Win32
	EndGlobalSection
	GlobalSection(SolutionProperties) = preSolution
		HideSolutionNode = FALSE
	EndGlobalSection
	GlobalSection(ExtensibilityGlobals) = postSolution
		SolutionGuid = {937E0E51-67CB-4223-928D-773E35A3D062}
	EndGlobalSection
EndGlobal
