
Microsoft Visual Studio Solution File, Format Version 12.00
# Visual Studio Version 17
VisualStudioVersion = 17.7.34024.191
MinimumVisualStudioVersion = 10.0.40219.1
Project("{8BC9CEB8-8B4A-11D0-8D11-00A0C91BC942}") = "CopyConstructor", "CopyConstructor\CopyConstructor.vcxproj", "{7506B58E-7192-4D3D-A92F-EDB2EE59FB99}"
EndProject
Project("{8BC9CEB8-8B4A-11D0-8D11-00A0C91BC942}") = "ArrowOperator", "ArrowOperator\ArrowOperator.vcxproj", "{57765B78-6150-4A58-94F7-32F00C0F778F}"
EndProject
Project("{8BC9CEB8-8B4A-11D0-8D11-00A0C91BC942}") = "DynamicArrays", "DynamicArrays\DynamicArrays.vcxproj", "{F875BC1E-3428-43EC-A591-C1FAEDAB99E2}"
EndProject
Global
	GlobalSection(SolutionConfigurationPlatforms) = preSolution
		Debug|x64 = Debug|x64
		Debug|x86 = Debug|x86
		Release|x64 = Release|x64
		Release|x86 = Release|x86
	EndGlobalSection
	GlobalSection(ProjectConfigurationPlatforms) = postSolution
		{7506B58E-7192-4D3D-A92F-EDB2EE59FB99}.Debug|x64.ActiveCfg = Debug|x64
		{7506B58E-7192-4D3D-A92F-EDB2EE59FB99}.Debug|x64.Build.0 = Debug|x64
		{7506B58E-7192-4D3D-A92F-EDB2EE59FB99}.Debug|x86.ActiveCfg = Debug|Win32
		{7506B58E-7192-4D3D-A92F-EDB2EE59FB99}.Debug|x86.Build.0 = Debug|Win32
		{7506B58E-7192-4D3D-A92F-EDB2EE59FB99}.Release|x64.ActiveCfg = Release|x64
		{7506B58E-7192-4D3D-A92F-EDB2EE59FB99}.Release|x64.Build.0 = Release|x64
		{7506B58E-7192-4D3D-A92F-EDB2EE59FB99}.Release|x86.ActiveCfg = Release|Win32
		{7506B58E-7192-4D3D-A92F-EDB2EE59FB99}.Release|x86.Build.0 = Release|Win32
		{57765B78-6150-4A58-94F7-32F00C0F778F}.Debug|x64.ActiveCfg = Debug|x64
		{57765B78-6150-4A58-94F7-32F00C0F778F}.Debug|x64.Build.0 = Debug|x64
		{57765B78-6150-4A58-94F7-32F00C0F778F}.Debug|x86.ActiveCfg = Debug|Win32
		{57765B78-6150-4A58-94F7-32F00C0F778F}.Debug|x86.Build.0 = Debug|Win32
		{57765B78-6150-4A58-94F7-32F00C0F778F}.Release|x64.ActiveCfg = Release|x64
		{57765B78-6150-4A58-94F7-32F00C0F778F}.Release|x64.Build.0 = Release|x64
		{57765B78-6150-4A58-94F7-32F00C0F778F}.Release|x86.ActiveCfg = Release|Win32
		{57765B78-6150-4A58-94F7-32F00C0F778F}.Release|x86.Build.0 = Release|Win32
		{F875BC1E-3428-43EC-A591-C1FAEDAB99E2}.Debug|x64.ActiveCfg = Debug|x64
		{F875BC1E-3428-43EC-A591-C1FAEDAB99E2}.Debug|x64.Build.0 = Debug|x64
		{F875BC1E-3428-43EC-A591-C1FAEDAB99E2}.Debug|x86.ActiveCfg = Debug|Win32
		{F875BC1E-3428-43EC-A591-C1FAEDAB99E2}.Debug|x86.Build.0 = Debug|Win32
		{F875BC1E-3428-43EC-A591-C1FAEDAB99E2}.Release|x64.ActiveCfg = Release|x64
		{F875BC1E-3428-43EC-A591-C1FAEDAB99E2}.Release|x64.Build.0 = Release|x64
		{F875BC1E-3428-43EC-A591-C1FAEDAB99E2}.Release|x86.ActiveCfg = Release|Win32
		{F875BC1E-3428-43EC-A591-C1FAEDAB99E2}.Release|x86.Build.0 = Release|Win32
	EndGlobalSection
	GlobalSection(SolutionProperties) = preSolution
		HideSolutionNode = FALSE
	EndGlobalSection
	GlobalSection(ExtensibilityGlobals) = postSolution
		SolutionGuid = {937E0E51-67CB-4223-928D-773E35A3D062}
	EndGlobalSection
EndGlobal
